{
  "nodes": {
    "nixpkgs": {
      "locked": {
        "lastModified": 1790689126,
        "narHash": "sha256-ilerN1WLSvF+HMjziC/Wv99J5y02maDH+6hZPwsORKg=",
        "owner": "nixos",
        "repo": "nixpkgs",
        "rev": "b4fd65b198c599cbe814fcb9f42d25d021595ec9",
        "type": "github"
      },
      "original": {
        "owner": "nixos",
        "ref": "nixos-unstable",
        "repo": "nixpkgs",
        "type": "github"
      }
    },
    "php-dev": {
      "inputs": {
        "nixpkgs": "nixpkgs"
      },
      "locked": {
        "lastModified": 1785256129,
        "narHash": "sha256-unkgrtqFTXeaA+Y15JQ3DuUEYbOwtrUIWb/ppsn1x6k=",
        "owner": "MikeGeorgeff",
        "repo": "php-dev-flake",
        "rev": "ace68da817909d326f45471353a1fe80672e48ca",
        "type": "github"
      },
      "original": {
        "owner": "MikeGeorgeff",
        "repo": "php-dev-flake",
        "type": "github"
      }
    },
    "root": {
      "inputs": {
        "php-dev": "php-dev"
      }
    }
  },
  "root": "root",
  "version": 7
}
